<?xml version="1.0" encoding="utf-8"?>
<Project ToolsVersion="4.0" xmlns="http://schemas.microsoft.com/developer/msbuild/2003">
  <ItemGroup>
    <Filter Include="Source Files">
      <UniqueIdentifier>{4FC737F1-C7A5-4376-A066-2A32D752A2FF}</UniqueIdentifier>
      <Extensions>cpp;c;cc;cxx;def;odl;idl;hpj;bat;asm;asmx</Extensions>
    </Filter>
    <Filter Include="Header Files">
      <UniqueIdentifier>{93995380-89BD-4b04-88EB-625FBE52EBFB}</UniqueIdentifier>
      <Extensions>h;hh;hpp;hxx;hm;inl;inc;xsd</Extensions>
    </Filter>
    <Filter Include="Form Files">
      <UniqueIdentifier>{99349809-55BA-4b9d-BF79-8FDBB0286EB3}</UniqueIdentifier>
      <Extensions>ui</Extensions>
    </Filter>
    <Filter Include="Resource Files">
      <UniqueIdentifier>{D9D6E242-F8AF-46E4-B9FD-80ECBC20BA3E}</UniqueIdentifier>
      <Extensions>qrc;*</Extensions>
      <ParseFiles>false</ParseFiles>
    </Filter>
    <Filter Include="Generated Files">
      <UniqueIdentifier>{71ED8ED8-ACB9-4CE9-BBE1-E00B30144E11}</UniqueIdentifier>
      <Extensions>moc;h;cpp</Extensions>
      <SourceControlFiles>False</SourceControlFiles>
    </Filter>
    <Filter Include="common">
      <UniqueIdentifier>{984f3af2-5eaa-4f5d-9b43-e5421f4e26b4}</UniqueIdentifier>
    </Filter>
    <Filter Include="common\baseclass">
      <UniqueIdentifier>{f5a53877-8c1b-4f76-aed5-20108b9df2a0}</UniqueIdentifier>
    </Filter>
    <Filter Include="common\def">
      <UniqueIdentifier>{0534e5b5-8e4a-48c3-ba79-cc15031c7dce}</UniqueIdentifier>
    </Filter>
    <Filter Include="Source Files\RelevantDlg">
      <UniqueIdentifier>{0685bd46-7849-4bc8-952d-1a53b732e586}</UniqueIdentifier>
    </Filter>
    <Filter Include="Source Files\Login">
      <UniqueIdentifier>{a5b0327b-a619-4529-8d52-76df1b545e7a}</UniqueIdentifier>
    </Filter>
    <Filter Include="common\Tips">
      <UniqueIdentifier>{bf0a4295-f710-4d20-be46-6c3aa56be765}</UniqueIdentifier>
    </Filter>
    <Filter Include="Source Files\Resource Files">
      <UniqueIdentifier>{D9D6E242-F8AF-46E4-B9FD-80ECBC20BA3E}</UniqueIdentifier>
      <Extensions>qrc;*</Extensions>
      <ParseFiles>false</ParseFiles>
    </Filter>
    <Filter Include="lib_json">
      <UniqueIdentifier>{287f9395-81fb-447f-9918-9dc840b477a0}</UniqueIdentifier>
    </Filter>
  </ItemGroup>
  <ItemGroup>
    <ClCompile Include="main.cpp">
      <Filter>Source Files</Filter>
    </ClCompile>
    <ClCompile Include="VLiveCustomEvent.cpp">
      <Filter>Source Files</Filter>
    </ClCompile>
    <ClCompile Include="..\common\ToolButton.cpp">
      <Filter>common</Filter>
    </ClCompile>
    <ClCompile Include="..\common\push_button.cpp">
      <Filter>common</Filter>
    </ClCompile>
    <ClCompile Include="..\common\baseclass\pathmanager.cpp">
      <Filter>common\baseclass</Filter>
    </ClCompile>
    <ClCompile Include="..\common\ConfigSetting.cpp">
      <Filter>common</Filter>
    </ClCompile>
    <ClCompile Include="..\common\ExceptionDump.cpp">
      <Filter>common</Filter>
    </ClCompile>
    <ClCompile Include="..\common\baseclass\pathManage.cpp">
      <Filter>common\baseclass</Filter>
    </ClCompile>
    <ClCompile Include="..\common\CRC32.cpp">
      <Filter>common</Filter>
    </ClCompile>
    <ClCompile Include="RelevantDlg\CAboutDlg.cpp">
      <Filter>Source Files\RelevantDlg</Filter>
    </ClCompile>
    <ClCompile Include="..\common\UACUtility.cpp">
      <Filter>common</Filter>
    </ClCompile>
    <ClCompile Include="LoginWdg.cpp">
      <Filter>Source Files\Login</Filter>
    </ClCompile>
    <ClCompile Include="..\common\CLineEditInput.cpp">
      <Filter>common</Filter>
    </ClCompile>
    <ClCompile Include="AMDAdapterCheck.cpp">
      <Filter>Source Files</Filter>
    </ClCompile>
    <ClCompile Include="..\common\UpLoader.cpp">
      <Filter>common</Filter>
    </ClCompile>
    <ClCompile Include="CWidget.cpp">
      <Filter>Source Files</Filter>
    </ClCompile>
    <ClCompile Include="..\common\Tips\TipsWdg.cpp">
      <Filter>common\Tips</Filter>
    </ClCompile>
    <ClCompile Include="GeneratedFiles\Debug\moc_TipsWdg.cpp">
      <Filter>Generated Files</Filter>
    </ClCompile>
    <ClCompile Include="GeneratedFiles\Release\moc_TipsWdg.cpp">
      <Filter>Generated Files</Filter>
    </ClCompile>
    <ClCompile Include="..\VhallClassSDK\VhallPaasSDK\VhallWebRtcSDK\Interactive_live_SDK_win\vhall_webrtc_sdk\3rdparty\vhall_live_core\vhall_media_core\3rdparty\json\json_reader.cpp">
      <Filter>lib_json</Filter>
    </ClCompile>
    <ClCompile Include="..\VhallClassSDK\VhallPaasSDK\VhallWebRtcSDK\Interactive_live_SDK_win\vhall_webrtc_sdk\3rdparty\vhall_live_core\vhall_media_core\3rdparty\json\json_value.cpp">
      <Filter>lib_json</Filter>
    </ClCompile>
    <ClCompile Include="..\VhallClassSDK\VhallPaasSDK\VhallWebRtcSDK\Interactive_live_SDK_win\vhall_webrtc_sdk\3rdparty\vhall_live_core\vhall_media_core\3rdparty\json\json_writer.cpp">
      <Filter>lib_json</Filter>
    </ClCompile>
  </ItemGroup>
  <ItemGroup>
    <QtMoc Include="VLiveCustomEvent.h">
      <Filter>Header Files</Filter>
    </QtMoc>
    <QtMoc Include="..\common\ToolButton.h">
      <Filter>common</Filter>
    </QtMoc>
    <QtMoc Include="..\common\push_button.h">
      <Filter>common</Filter>
    </QtMoc>
    <QtMoc Include="RelevantDlg\CAboutDlg.h">
      <Filter>Source Files\RelevantDlg</Filter>
    </QtMoc>
    <QtMoc Include="LoginWdg.h">
      <Filter>Source Files\Login</Filter>
    </QtMoc>
    <QtMoc Include="..\common\CLineEditInput.h">
      <Filter>common</Filter>
    </QtMoc>
    <QtMoc Include="AMDAdapterCheck.h">
      <Filter>Source Files</Filter>
    </QtMoc>
    <QtMoc Include="..\common\UpLoader.h">
      <Filter>common</Filter>
    </QtMoc>
    <QtMoc Include="CWidget.h">
      <Filter>Header Files</Filter>
    </QtMoc>
  </ItemGroup>
  <ItemGroup>
    <QtUic Include="RelevantDlg\CAboutDlg.ui">
      <Filter>Source Files\RelevantDlg</Filter>
    </QtUic>
    <QtUic Include="LoginWdg.ui">
      <Filter>Source Files\Login</Filter>
    </QtUic>
    <QtUic Include="AMDAdapterCheck.ui">
      <Filter>Source Files</Filter>
    </QtUic>
  </ItemGroup>
  <ItemGroup>
    <QtRcc Include="VLive.qrc">
      <Filter>Source Files\Resource Files</Filter>
    </QtRcc>
  </ItemGroup>
  <ItemGroup>
    <ClInclude Include="..\common\baseclass\pathmanager.h">
      <Filter>common\baseclass</Filter>
    </ClInclude>
    <ClInclude Include="..\common\ConfigSetting.h">
      <Filter>common</Filter>
    </ClInclude>
    <ClInclude Include="..\common\ExceptionDump.h">
      <Filter>common</Filter>
    </ClInclude>
    <ClInclude Include="stdafx.h">
      <Filter>Header Files</Filter>
    </ClInclude>
    <ClInclude Include="..\common\def\VH_ConstDeff.h">
      <Filter>common\def</Filter>
    </ClInclude>
    <ClInclude Include="..\common\baseclass\pathManage.h">
      <Filter>common\baseclass</Filter>
    </ClInclude>
    <ClInclude Include="..\common\CRC32.h">
      <Filter>common</Filter>
    </ClInclude>
    <ClInclude Include="resource.h">
      <Filter>Header Files</Filter>
    </ClInclude>
    <ClInclude Include="..\common\UACUtility.h">
      <Filter>common</Filter>
    </ClInclude>
    <ClInclude Include="..\common\class.pub.Const.h">
      <Filter>common</Filter>
    </ClInclude>
    <ClInclude Include="GeneratedFiles\ui_TipsWdg.h">
      <Filter>Generated Files</Filter>
    </ClInclude>
    <ClInclude Include="..\VhallClassSDK\VhallPaasSDK\VhallWebRtcSDK\Interactive_live_SDK_win\vhall_webrtc_sdk\3rdparty\vhall_live_core\vhall_media_core\3rdparty\json\autolink.h">
      <Filter>lib_json</Filter>
    </ClInclude>
    <ClInclude Include="..\VhallClassSDK\VhallPaasSDK\VhallWebRtcSDK\Interactive_live_SDK_win\vhall_webrtc_sdk\3rdparty\vhall_live_core\vhall_media_core\3rdparty\json\config.h">
      <Filter>lib_json</Filter>
    </ClInclude>
    <ClInclude Include="..\VhallClassSDK\VhallPaasSDK\VhallWebRtcSDK\Interactive_live_SDK_win\vhall_webrtc_sdk\3rdparty\vhall_live_core\vhall_media_core\3rdparty\json\features.h">
      <Filter>lib_json</Filter>
    </ClInclude>
    <ClInclude Include="..\VhallClassSDK\VhallPaasSDK\VhallWebRtcSDK\Interactive_live_SDK_win\vhall_webrtc_sdk\3rdparty\vhall_live_core\vhall_media_core\3rdparty\json\forwards.h">
      <Filter>lib_json</Filter>
    </ClInclude>
    <ClInclude Include="..\VhallClassSDK\VhallPaasSDK\VhallWebRtcSDK\Interactive_live_SDK_win\vhall_webrtc_sdk\3rdparty\vhall_live_core\vhall_media_core\3rdparty\json\json.h">
      <Filter>lib_json</Filter>
    </ClInclude>
    <ClInclude Include="..\VhallClassSDK\VhallPaasSDK\VhallWebRtcSDK\Interactive_live_SDK_win\vhall_webrtc_sdk\3rdparty\vhall_live_core\vhall_media_core\3rdparty\json\json_batchallocator.h">
      <Filter>lib_json</Filter>
    </ClInclude>
    <ClInclude Include="..\VhallClassSDK\VhallPaasSDK\VhallWebRtcSDK\Interactive_live_SDK_win\vhall_webrtc_sdk\3rdparty\vhall_live_core\vhall_media_core\3rdparty\json\reader.h">
      <Filter>lib_json</Filter>
    </ClInclude>
    <ClInclude Include="..\VhallClassSDK\VhallPaasSDK\VhallWebRtcSDK\Interactive_live_SDK_win\vhall_webrtc_sdk\3rdparty\vhall_live_core\vhall_media_core\3rdparty\json\value.h">
      <Filter>lib_json</Filter>
    </ClInclude>
    <ClInclude Include="..\VhallClassSDK\VhallPaasSDK\VhallWebRtcSDK\Interactive_live_SDK_win\vhall_webrtc_sdk\3rdparty\vhall_live_core\vhall_media_core\3rdparty\json\writer.h">
      <Filter>lib_json</Filter>
    </ClInclude>
  </ItemGroup>
  <ItemGroup>
    <ResourceCompile Include="VLive.rc" />
  </ItemGroup>
  <ItemGroup>
    <Image Include="vlive.ico">
      <Filter>Source Files</Filter>
    </Image>
  </ItemGroup>
  <ItemGroup>
    <CustomBuild Include="..\common\Tips\TipsWdg.h">
      <Filter>common\Tips</Filter>
    </CustomBuild>
    <CustomBuild Include="..\common\Tips\TipsWdg.ui">
      <Filter>common\Tips</Filter>
    </CustomBuild>
  </ItemGroup>
  <ItemGroup>
    <Text Include="..\VhallClassSDK\VhallPaasSDK\VhallWebRtcSDK\Interactive_live_SDK_win\vhall_webrtc_sdk\3rdparty\vhall_live_core\vhall_media_core\3rdparty\json\CMakeLists.txt">
      <Filter>lib_json</Filter>
    </Text>
  </ItemGroup>
  <ItemGroup>
    <None Include="..\VhallClassSDK\VhallPaasSDK\VhallWebRtcSDK\Interactive_live_SDK_win\vhall_webrtc_sdk\3rdparty\vhall_live_core\vhall_media_core\3rdparty\json\json_internalarray.inl">
      <Filter>lib_json</Filter>
    </None>
    <None Include="..\VhallClassSDK\VhallPaasSDK\VhallWebRtcSDK\Interactive_live_SDK_win\vhall_webrtc_sdk\3rdparty\vhall_live_core\vhall_media_core\3rdparty\json\json_internalmap.inl">
      <Filter>lib_json</Filter>
    </None>
    <None Include="..\VhallClassSDK\VhallPaasSDK\VhallWebRtcSDK\Interactive_live_SDK_win\vhall_webrtc_sdk\3rdparty\vhall_live_core\vhall_media_core\3rdparty\json\json_valueiterator.inl">
      <Filter>lib_json</Filter>
    </None>
  </ItemGroup>
</Project>