
Microsoft Visual Studio Solution File, Format Version 12.00
# Visual Studio 15
VisualStudioVersion = 15.0.28307.1062
MinimumVisualStudioVersion = 10.0.40219.1
Project("{2150E333-8FDC-42A3-9474-1A3956D46DE8}") = "cef", "cef", "{C395614B-9487-41F5-A283-4D3B129B3FC3}"
EndProject
Project("{2150E333-8FDC-42A3-9474-1A3956D46DE8}") = "VHClassSDK", "VHClassSDK", "{3D45F5C2-58B7-4F6E-94C2-E65DBDF48CFE}"
EndProject
Project("{2150E333-8FDC-42A3-9474-1A3956D46DE8}") = "Http", "Http", "{B96D2538-F58F-404F-85EC-2121BD959E4F}"
EndProject
Project("{2150E333-8FDC-42A3-9474-1A3956D46DE8}") = "SocketIO", "SocketIO", "{7B8D9154-5446-43CF-A141-F89BE86D8D86}"
EndProject
Project("{2150E333-8FDC-42A3-9474-1A3956D46DE8}") = "WebRtc", "WebRtc", "{17A66CD3-6512-48F9-987D-C8E22049831E}"
EndProject
Project("{8BC9CEB8-8B4A-11D0-8D11-00A0C91BC942}") = "Unility", "Unility\Unility.vcxproj", "{1142768F-E959-4A46-BB77-C3AEEBCB4480}"
EndProject
Project("{8BC9CEB8-8B4A-11D0-8D11-00A0C91BC942}") = "WebRtcLive", "WebRtcLive\WebRtcLive.vcxproj", "{CF9F79BD-6328-466D-ADB6-3989F3E2CA2F}"
EndProject
Project("{8BC9CEB8-8B4A-11D0-8D11-00A0C91BC942}") = "cefsimple", "winsdk-player\thirdParty\VHlibCef_build\tests\cefsimple\cefsimple.vcxproj", "{FF7084E4-14EE-38E2-8931-8A5DDD4C2BAC}"
EndProject
Project("{8BC9CEB8-8B4A-11D0-8D11-00A0C91BC942}") = "libcef_dll_wrapper", "winsdk-player\thirdParty\VHlibCef_build\libcef_dll_wrapper\libcef_dll_wrapper.vcxproj", "{B0F6F8DB-7651-33FF-A084-5773BC05E39E}"
EndProject
Project("{8BC9CEB8-8B4A-11D0-8D11-00A0C91BC942}") = "vh_webview_dll", "winsdk-player\thirdParty\VHlibCef\vh_webview_dll\vh_webview_dll.vcxproj", "{2131FCF5-E3E8-4531-B143-68D189DBC3F5}"
EndProject
Project("{8BC9CEB8-8B4A-11D0-8D11-00A0C91BC942}") = "VhallNetWork", "ClassSDK\PaasSDK\VhallNetWork\VhallNetWork\VhallNetWork\VhallNetWork.vcxproj", "{3957E89F-B61C-4C74-9CA6-73A733304211}"
EndProject
Project("{8BC9CEB8-8B4A-11D0-8D11-00A0C91BC942}") = "socket_io", "ClassSDK\PaasSDK\VhallWebSocket\socket_io\socket_io.vcxproj", "{911A49D5-AA1E-4C03-A2CD-0036D680450F}"
EndProject
Project("{8BC9CEB8-8B4A-11D0-8D11-00A0C91BC942}") = "VHWebSocket", "ClassSDK\PaasSDK\VhallWebSocket\VHWebSocket\VHWebSocket.vcxproj", "{17AE0654-B5FC-4AB1-98C7-8C114DD5F6F6}"
EndProject
Project("{8BC9CEB8-8B4A-11D0-8D11-00A0C91BC942}") = "vhall_webrtc_sdk", "ClassSDK\PaasSDK\WebRtcSDK\Interactive_live_SDK_win\vhall_webrtc_sdk\vhall_webrtc_sdk.vcxproj", "{7326DB85-E7BC-4620-A49E-E93630E6D573}"
EndProject
Project("{8BC9CEB8-8B4A-11D0-8D11-00A0C91BC942}") = "ClassSDK", "ClassSDK\ClassSDK.vcxproj", "{59CD1C33-1B11-4586-84EF-E1B3A95BA10B}"
EndProject
Project("{8BC9CEB8-8B4A-11D0-8D11-00A0C91BC942}") = "ClassRoom", "VLive\ClassRoom.vcxproj", "{B814121D-2EEF-4531-9E21-5294CB21EBE4}"
EndProject
Project("{8BC9CEB8-8B4A-11D0-8D11-00A0C91BC942}") = "VhallWebRtcSDK", "ClassSDK\PaasSDK\WebRtcSDK\VhallWebRtcSDK.vcxproj", "{0B22995B-9C3A-40EB-81E1-60514923EBAE}"
EndProject
Project("{8BC9CEB8-8B4A-11D0-8D11-00A0C91BC942}") = "PaasSDK", "ClassSDK\PaasSDK\VHPaasSDK.vcxproj", "{E9B95246-3673-4B4E-8666-D4DD4B747068}"
EndProject
Global
	GlobalSection(SolutionConfigurationPlatforms) = preSolution
		Debug|Any CPU = Debug|Any CPU
		Debug|x64 = Debug|x64
		Debug|x86 = Debug|x86
		Release|Any CPU = Release|Any CPU
		Release|x64 = Release|x64
		Release|x86 = Release|x86
		ReleaseTencent|Any CPU = ReleaseTencent|Any CPU
		ReleaseTencent|x64 = ReleaseTencent|x64
		ReleaseTencent|x86 = ReleaseTencent|x86
	EndGlobalSection
	GlobalSection(ProjectConfigurationPlatforms) = postSolution
		{1142768F-E959-4A46-BB77-C3AEEBCB4480}.Debug|Any CPU.ActiveCfg = Debug|Win32
		{1142768F-E959-4A46-BB77-C3AEEBCB4480}.Debug|x64.ActiveCfg = Debug|x64
		{1142768F-E959-4A46-BB77-C3AEEBCB4480}.Debug|x64.Build.0 = Debug|x64
		{1142768F-E959-4A46-BB77-C3AEEBCB4480}.Debug|x86.ActiveCfg = Debug|Win32
		{1142768F-E959-4A46-BB77-C3AEEBCB4480}.Debug|x86.Build.0 = Debug|Win32
		{1142768F-E959-4A46-BB77-C3AEEBCB4480}.Release|Any CPU.ActiveCfg = Release|Win32
		{1142768F-E959-4A46-BB77-C3AEEBCB4480}.Release|x64.ActiveCfg = Release|x64
		{1142768F-E959-4A46-BB77-C3AEEBCB4480}.Release|x86.ActiveCfg = Release|Win32
		{1142768F-E959-4A46-BB77-C3AEEBCB4480}.Release|x86.Build.0 = Release|Win32
		{1142768F-E959-4A46-BB77-C3AEEBCB4480}.ReleaseTencent|Any CPU.ActiveCfg = Release|Win32
		{1142768F-E959-4A46-BB77-C3AEEBCB4480}.ReleaseTencent|Any CPU.Build.0 = Release|Win32
		{1142768F-E959-4A46-BB77-C3AEEBCB4480}.ReleaseTencent|x64.ActiveCfg = Release|Win32
		{1142768F-E959-4A46-BB77-C3AEEBCB4480}.ReleaseTencent|x64.Build.0 = Release|Win32
		{1142768F-E959-4A46-BB77-C3AEEBCB4480}.ReleaseTencent|x86.ActiveCfg = Release|Win32
		{1142768F-E959-4A46-BB77-C3AEEBCB4480}.ReleaseTencent|x86.Build.0 = Release|Win32
		{CF9F79BD-6328-466D-ADB6-3989F3E2CA2F}.Debug|Any CPU.ActiveCfg = Debug|Win32
		{CF9F79BD-6328-466D-ADB6-3989F3E2CA2F}.Debug|x64.ActiveCfg = Debug|x64
		{CF9F79BD-6328-466D-ADB6-3989F3E2CA2F}.Debug|x64.Build.0 = Debug|x64
		{CF9F79BD-6328-466D-ADB6-3989F3E2CA2F}.Debug|x86.ActiveCfg = Debug|Win32
		{CF9F79BD-6328-466D-ADB6-3989F3E2CA2F}.Debug|x86.Build.0 = Debug|Win32
		{CF9F79BD-6328-466D-ADB6-3989F3E2CA2F}.Release|Any CPU.ActiveCfg = Release|Win32
		{CF9F79BD-6328-466D-ADB6-3989F3E2CA2F}.Release|x64.ActiveCfg = Release|x64
		{CF9F79BD-6328-466D-ADB6-3989F3E2CA2F}.Release|x64.Build.0 = Release|x64
		{CF9F79BD-6328-466D-ADB6-3989F3E2CA2F}.Release|x86.ActiveCfg = Release|Win32
		{CF9F79BD-6328-466D-ADB6-3989F3E2CA2F}.Release|x86.Build.0 = Release|Win32
		{CF9F79BD-6328-466D-ADB6-3989F3E2CA2F}.ReleaseTencent|Any CPU.ActiveCfg = Release|x64
		{CF9F79BD-6328-466D-ADB6-3989F3E2CA2F}.ReleaseTencent|Any CPU.Build.0 = Release|x64
		{CF9F79BD-6328-466D-ADB6-3989F3E2CA2F}.ReleaseTencent|x64.ActiveCfg = Release|x64
		{CF9F79BD-6328-466D-ADB6-3989F3E2CA2F}.ReleaseTencent|x64.Build.0 = Release|x64
		{CF9F79BD-6328-466D-ADB6-3989F3E2CA2F}.ReleaseTencent|x86.ActiveCfg = Release|Win32
		{CF9F79BD-6328-466D-ADB6-3989F3E2CA2F}.ReleaseTencent|x86.Build.0 = Release|Win32
		{FF7084E4-14EE-38E2-8931-8A5DDD4C2BAC}.Debug|Any CPU.ActiveCfg = Debug|x64
		{FF7084E4-14EE-38E2-8931-8A5DDD4C2BAC}.Debug|x64.ActiveCfg = Debug|x64
		{FF7084E4-14EE-38E2-8931-8A5DDD4C2BAC}.Debug|x64.Build.0 = Debug|x64
		{FF7084E4-14EE-38E2-8931-8A5DDD4C2BAC}.Debug|x86.ActiveCfg = Debug|x64
		{FF7084E4-14EE-38E2-8931-8A5DDD4C2BAC}.Release|Any CPU.ActiveCfg = Release|x64
		{FF7084E4-14EE-38E2-8931-8A5DDD4C2BAC}.Release|x64.ActiveCfg = Release|x64
		{FF7084E4-14EE-38E2-8931-8A5DDD4C2BAC}.Release|x64.Build.0 = Release|x64
		{FF7084E4-14EE-38E2-8931-8A5DDD4C2BAC}.Release|x86.ActiveCfg = Release|x64
		{FF7084E4-14EE-38E2-8931-8A5DDD4C2BAC}.ReleaseTencent|Any CPU.ActiveCfg = Release|x64
		{FF7084E4-14EE-38E2-8931-8A5DDD4C2BAC}.ReleaseTencent|Any CPU.Build.0 = Release|x64
		{FF7084E4-14EE-38E2-8931-8A5DDD4C2BAC}.ReleaseTencent|x64.ActiveCfg = Release|x64
		{FF7084E4-14EE-38E2-8931-8A5DDD4C2BAC}.ReleaseTencent|x64.Build.0 = Release|x64
		{FF7084E4-14EE-38E2-8931-8A5DDD4C2BAC}.ReleaseTencent|x86.ActiveCfg = Release|x64
		{FF7084E4-14EE-38E2-8931-8A5DDD4C2BAC}.ReleaseTencent|x86.Build.0 = Release|x64
		{B0F6F8DB-7651-33FF-A084-5773BC05E39E}.Debug|Any CPU.ActiveCfg = Debug|x64
		{B0F6F8DB-7651-33FF-A084-5773BC05E39E}.Debug|x64.ActiveCfg = Debug|x64
		{B0F6F8DB-7651-33FF-A084-5773BC05E39E}.Debug|x64.Build.0 = Debug|x64
		{B0F6F8DB-7651-33FF-A084-5773BC05E39E}.Debug|x86.ActiveCfg = Debug|x64
		{B0F6F8DB-7651-33FF-A084-5773BC05E39E}.Release|Any CPU.ActiveCfg = Release|x64
		{B0F6F8DB-7651-33FF-A084-5773BC05E39E}.Release|x64.ActiveCfg = Release|x64
		{B0F6F8DB-7651-33FF-A084-5773BC05E39E}.Release|x64.Build.0 = Release|x64
		{B0F6F8DB-7651-33FF-A084-5773BC05E39E}.Release|x86.ActiveCfg = Release|x64
		{B0F6F8DB-7651-33FF-A084-5773BC05E39E}.ReleaseTencent|Any CPU.ActiveCfg = Release|x64
		{B0F6F8DB-7651-33FF-A084-5773BC05E39E}.ReleaseTencent|Any CPU.Build.0 = Release|x64
		{B0F6F8DB-7651-33FF-A084-5773BC05E39E}.ReleaseTencent|x64.ActiveCfg = Release|x64
		{B0F6F8DB-7651-33FF-A084-5773BC05E39E}.ReleaseTencent|x64.Build.0 = Release|x64
		{B0F6F8DB-7651-33FF-A084-5773BC05E39E}.ReleaseTencent|x86.ActiveCfg = Release|x64
		{B0F6F8DB-7651-33FF-A084-5773BC05E39E}.ReleaseTencent|x86.Build.0 = Release|x64
		{2131FCF5-E3E8-4531-B143-68D189DBC3F5}.Debug|Any CPU.ActiveCfg = Debug|Win32
		{2131FCF5-E3E8-4531-B143-68D189DBC3F5}.Debug|x64.ActiveCfg = Debug|x64
		{2131FCF5-E3E8-4531-B143-68D189DBC3F5}.Debug|x64.Build.0 = Debug|x64
		{2131FCF5-E3E8-4531-B143-68D189DBC3F5}.Debug|x86.ActiveCfg = Debug|Win32
		{2131FCF5-E3E8-4531-B143-68D189DBC3F5}.Debug|x86.Build.0 = Debug|Win32
		{2131FCF5-E3E8-4531-B143-68D189DBC3F5}.Release|Any CPU.ActiveCfg = Release|Win32
		{2131FCF5-E3E8-4531-B143-68D189DBC3F5}.Release|x64.ActiveCfg = Release|x64
		{2131FCF5-E3E8-4531-B143-68D189DBC3F5}.Release|x64.Build.0 = Release|x64
		{2131FCF5-E3E8-4531-B143-68D189DBC3F5}.Release|x86.ActiveCfg = Release|Win32
		{2131FCF5-E3E8-4531-B143-68D189DBC3F5}.Release|x86.Build.0 = Release|Win32
		{2131FCF5-E3E8-4531-B143-68D189DBC3F5}.ReleaseTencent|Any CPU.ActiveCfg = Release|x64
		{2131FCF5-E3E8-4531-B143-68D189DBC3F5}.ReleaseTencent|Any CPU.Build.0 = Release|x64
		{2131FCF5-E3E8-4531-B143-68D189DBC3F5}.ReleaseTencent|x64.ActiveCfg = Release|x64
		{2131FCF5-E3E8-4531-B143-68D189DBC3F5}.ReleaseTencent|x64.Build.0 = Release|x64
		{2131FCF5-E3E8-4531-B143-68D189DBC3F5}.ReleaseTencent|x86.ActiveCfg = Release|Win32
		{2131FCF5-E3E8-4531-B143-68D189DBC3F5}.ReleaseTencent|x86.Build.0 = Release|Win32
		{3957E89F-B61C-4C74-9CA6-73A733304211}.Debug|Any CPU.ActiveCfg = Debug|Win32
		{3957E89F-B61C-4C74-9CA6-73A733304211}.Debug|x64.ActiveCfg = Debug|x64
		{3957E89F-B61C-4C74-9CA6-73A733304211}.Debug|x64.Build.0 = Debug|x64
		{3957E89F-B61C-4C74-9CA6-73A733304211}.Debug|x86.ActiveCfg = Debug|Win32
		{3957E89F-B61C-4C74-9CA6-73A733304211}.Debug|x86.Build.0 = Debug|Win32
		{3957E89F-B61C-4C74-9CA6-73A733304211}.Release|Any CPU.ActiveCfg = Release|Win32
		{3957E89F-B61C-4C74-9CA6-73A733304211}.Release|x64.ActiveCfg = Release|x64
		{3957E89F-B61C-4C74-9CA6-73A733304211}.Release|x64.Build.0 = Release|x64
		{3957E89F-B61C-4C74-9CA6-73A733304211}.Release|x86.ActiveCfg = Release|Win32
		{3957E89F-B61C-4C74-9CA6-73A733304211}.Release|x86.Build.0 = Release|Win32
		{3957E89F-B61C-4C74-9CA6-73A733304211}.ReleaseTencent|Any CPU.ActiveCfg = Release|x64
		{3957E89F-B61C-4C74-9CA6-73A733304211}.ReleaseTencent|Any CPU.Build.0 = Release|x64
		{3957E89F-B61C-4C74-9CA6-73A733304211}.ReleaseTencent|x64.ActiveCfg = Release|x64
		{3957E89F-B61C-4C74-9CA6-73A733304211}.ReleaseTencent|x64.Build.0 = Release|x64
		{3957E89F-B61C-4C74-9CA6-73A733304211}.ReleaseTencent|x86.ActiveCfg = Release|Win32
		{3957E89F-B61C-4C74-9CA6-73A733304211}.ReleaseTencent|x86.Build.0 = Release|Win32
		{911A49D5-AA1E-4C03-A2CD-0036D680450F}.Debug|Any CPU.ActiveCfg = Debug|Win32
		{911A49D5-AA1E-4C03-A2CD-0036D680450F}.Debug|x64.ActiveCfg = Debug|x64
		{911A49D5-AA1E-4C03-A2CD-0036D680450F}.Debug|x64.Build.0 = Debug|x64
		{911A49D5-AA1E-4C03-A2CD-0036D680450F}.Debug|x86.ActiveCfg = Debug|Win32
		{911A49D5-AA1E-4C03-A2CD-0036D680450F}.Debug|x86.Build.0 = Debug|Win32
		{911A49D5-AA1E-4C03-A2CD-0036D680450F}.Release|Any CPU.ActiveCfg = Release|Win32
		{911A49D5-AA1E-4C03-A2CD-0036D680450F}.Release|x64.ActiveCfg = Release|x64
		{911A49D5-AA1E-4C03-A2CD-0036D680450F}.Release|x64.Build.0 = Release|x64
		{911A49D5-AA1E-4C03-A2CD-0036D680450F}.Release|x86.ActiveCfg = Release|Win32
		{911A49D5-AA1E-4C03-A2CD-0036D680450F}.Release|x86.Build.0 = Release|Win32
		{911A49D5-AA1E-4C03-A2CD-0036D680450F}.ReleaseTencent|Any CPU.ActiveCfg = Release|x64
		{911A49D5-AA1E-4C03-A2CD-0036D680450F}.ReleaseTencent|Any CPU.Build.0 = Release|x64
		{911A49D5-AA1E-4C03-A2CD-0036D680450F}.ReleaseTencent|x64.ActiveCfg = Release|x64
		{911A49D5-AA1E-4C03-A2CD-0036D680450F}.ReleaseTencent|x64.Build.0 = Release|x64
		{911A49D5-AA1E-4C03-A2CD-0036D680450F}.ReleaseTencent|x86.ActiveCfg = Release|Win32
		{911A49D5-AA1E-4C03-A2CD-0036D680450F}.ReleaseTencent|x86.Build.0 = Release|Win32
		{17AE0654-B5FC-4AB1-98C7-8C114DD5F6F6}.Debug|Any CPU.ActiveCfg = Debug|Win32
		{17AE0654-B5FC-4AB1-98C7-8C114DD5F6F6}.Debug|x64.ActiveCfg = Debug|x64
		{17AE0654-B5FC-4AB1-98C7-8C114DD5F6F6}.Debug|x64.Build.0 = Debug|x64
		{17AE0654-B5FC-4AB1-98C7-8C114DD5F6F6}.Debug|x86.ActiveCfg = Debug|Win32
		{17AE0654-B5FC-4AB1-98C7-8C114DD5F6F6}.Debug|x86.Build.0 = Debug|Win32
		{17AE0654-B5FC-4AB1-98C7-8C114DD5F6F6}.Release|Any CPU.ActiveCfg = Release|Win32
		{17AE0654-B5FC-4AB1-98C7-8C114DD5F6F6}.Release|x64.ActiveCfg = Release|x64
		{17AE0654-B5FC-4AB1-98C7-8C114DD5F6F6}.Release|x64.Build.0 = Release|x64
		{17AE0654-B5FC-4AB1-98C7-8C114DD5F6F6}.Release|x86.ActiveCfg = Release|Win32
		{17AE0654-B5FC-4AB1-98C7-8C114DD5F6F6}.Release|x86.Build.0 = Release|Win32
		{17AE0654-B5FC-4AB1-98C7-8C114DD5F6F6}.ReleaseTencent|Any CPU.ActiveCfg = Release|x64
		{17AE0654-B5FC-4AB1-98C7-8C114DD5F6F6}.ReleaseTencent|Any CPU.Build.0 = Release|x64
		{17AE0654-B5FC-4AB1-98C7-8C114DD5F6F6}.ReleaseTencent|x64.ActiveCfg = Release|x64
		{17AE0654-B5FC-4AB1-98C7-8C114DD5F6F6}.ReleaseTencent|x64.Build.0 = Release|x64
		{17AE0654-B5FC-4AB1-98C7-8C114DD5F6F6}.ReleaseTencent|x86.ActiveCfg = Release|Win32
		{17AE0654-B5FC-4AB1-98C7-8C114DD5F6F6}.ReleaseTencent|x86.Build.0 = Release|Win32
		{7326DB85-E7BC-4620-A49E-E93630E6D573}.Debug|Any CPU.ActiveCfg = Debug|Win32
		{7326DB85-E7BC-4620-A49E-E93630E6D573}.Debug|x64.ActiveCfg = Debug|x64
		{7326DB85-E7BC-4620-A49E-E93630E6D573}.Debug|x64.Build.0 = Debug|x64
		{7326DB85-E7BC-4620-A49E-E93630E6D573}.Debug|x86.ActiveCfg = Debug|Win32
		{7326DB85-E7BC-4620-A49E-E93630E6D573}.Debug|x86.Build.0 = Debug|Win32
		{7326DB85-E7BC-4620-A49E-E93630E6D573}.Release|Any CPU.ActiveCfg = Release|Win32
		{7326DB85-E7BC-4620-A49E-E93630E6D573}.Release|x64.ActiveCfg = Release|x64
		{7326DB85-E7BC-4620-A49E-E93630E6D573}.Release|x64.Build.0 = Release|x64
		{7326DB85-E7BC-4620-A49E-E93630E6D573}.Release|x86.ActiveCfg = Release|Win32
		{7326DB85-E7BC-4620-A49E-E93630E6D573}.Release|x86.Build.0 = Release|Win32
		{7326DB85-E7BC-4620-A49E-E93630E6D573}.ReleaseTencent|Any CPU.ActiveCfg = Release|x64
		{7326DB85-E7BC-4620-A49E-E93630E6D573}.ReleaseTencent|Any CPU.Build.0 = Release|x64
		{7326DB85-E7BC-4620-A49E-E93630E6D573}.ReleaseTencent|x64.ActiveCfg = Release|x64
		{7326DB85-E7BC-4620-A49E-E93630E6D573}.ReleaseTencent|x64.Build.0 = Release|x64
		{7326DB85-E7BC-4620-A49E-E93630E6D573}.ReleaseTencent|x86.ActiveCfg = Release|Win32
		{7326DB85-E7BC-4620-A49E-E93630E6D573}.ReleaseTencent|x86.Build.0 = Release|Win32
		{59CD1C33-1B11-4586-84EF-E1B3A95BA10B}.Debug|Any CPU.ActiveCfg = Debug|Win32
		{59CD1C33-1B11-4586-84EF-E1B3A95BA10B}.Debug|x64.ActiveCfg = Debug|x64
		{59CD1C33-1B11-4586-84EF-E1B3A95BA10B}.Debug|x64.Build.0 = Debug|x64
		{59CD1C33-1B11-4586-84EF-E1B3A95BA10B}.Debug|x86.ActiveCfg = Debug|Win32
		{59CD1C33-1B11-4586-84EF-E1B3A95BA10B}.Debug|x86.Build.0 = Debug|Win32
		{59CD1C33-1B11-4586-84EF-E1B3A95BA10B}.Release|Any CPU.ActiveCfg = Release|Win32
		{59CD1C33-1B11-4586-84EF-E1B3A95BA10B}.Release|x64.ActiveCfg = Release|x64
		{59CD1C33-1B11-4586-84EF-E1B3A95BA10B}.Release|x64.Build.0 = Release|x64
		{59CD1C33-1B11-4586-84EF-E1B3A95BA10B}.Release|x86.ActiveCfg = Release|Win32
		{59CD1C33-1B11-4586-84EF-E1B3A95BA10B}.Release|x86.Build.0 = Release|Win32
		{59CD1C33-1B11-4586-84EF-E1B3A95BA10B}.ReleaseTencent|Any CPU.ActiveCfg = Release|x64
		{59CD1C33-1B11-4586-84EF-E1B3A95BA10B}.ReleaseTencent|Any CPU.Build.0 = Release|x64
		{59CD1C33-1B11-4586-84EF-E1B3A95BA10B}.ReleaseTencent|x64.ActiveCfg = Release|x64
		{59CD1C33-1B11-4586-84EF-E1B3A95BA10B}.ReleaseTencent|x64.Build.0 = Release|x64
		{59CD1C33-1B11-4586-84EF-E1B3A95BA10B}.ReleaseTencent|x86.ActiveCfg = Release|Win32
		{59CD1C33-1B11-4586-84EF-E1B3A95BA10B}.ReleaseTencent|x86.Build.0 = Release|Win32
		{B814121D-2EEF-4531-9E21-5294CB21EBE4}.Debug|Any CPU.ActiveCfg = Debug|Win32
		{B814121D-2EEF-4531-9E21-5294CB21EBE4}.Debug|x64.ActiveCfg = Debug|x64
		{B814121D-2EEF-4531-9E21-5294CB21EBE4}.Debug|x64.Build.0 = Debug|x64
		{B814121D-2EEF-4531-9E21-5294CB21EBE4}.Debug|x86.ActiveCfg = Debug|Win32
		{B814121D-2EEF-4531-9E21-5294CB21EBE4}.Debug|x86.Build.0 = Debug|Win32
		{B814121D-2EEF-4531-9E21-5294CB21EBE4}.Release|Any CPU.ActiveCfg = Release|Win32
		{B814121D-2EEF-4531-9E21-5294CB21EBE4}.Release|x64.ActiveCfg = Release|x64
		{B814121D-2EEF-4531-9E21-5294CB21EBE4}.Release|x64.Build.0 = Release|x64
		{B814121D-2EEF-4531-9E21-5294CB21EBE4}.Release|x86.ActiveCfg = Release|Win32
		{B814121D-2EEF-4531-9E21-5294CB21EBE4}.Release|x86.Build.0 = Release|Win32
		{B814121D-2EEF-4531-9E21-5294CB21EBE4}.ReleaseTencent|Any CPU.ActiveCfg = Release|x64
		{B814121D-2EEF-4531-9E21-5294CB21EBE4}.ReleaseTencent|Any CPU.Build.0 = Release|x64
		{B814121D-2EEF-4531-9E21-5294CB21EBE4}.ReleaseTencent|x64.ActiveCfg = Release|x64
		{B814121D-2EEF-4531-9E21-5294CB21EBE4}.ReleaseTencent|x64.Build.0 = Release|x64
		{B814121D-2EEF-4531-9E21-5294CB21EBE4}.ReleaseTencent|x86.ActiveCfg = Release|Win32
		{B814121D-2EEF-4531-9E21-5294CB21EBE4}.ReleaseTencent|x86.Build.0 = Release|Win32
		{0B22995B-9C3A-40EB-81E1-60514923EBAE}.Debug|Any CPU.ActiveCfg = Debug|Win32
		{0B22995B-9C3A-40EB-81E1-60514923EBAE}.Debug|x64.ActiveCfg = Debug|x64
		{0B22995B-9C3A-40EB-81E1-60514923EBAE}.Debug|x64.Build.0 = Debug|x64
		{0B22995B-9C3A-40EB-81E1-60514923EBAE}.Debug|x86.ActiveCfg = Debug|Win32
		{0B22995B-9C3A-40EB-81E1-60514923EBAE}.Debug|x86.Build.0 = Debug|Win32
		{0B22995B-9C3A-40EB-81E1-60514923EBAE}.Release|Any CPU.ActiveCfg = Release|Win32
		{0B22995B-9C3A-40EB-81E1-60514923EBAE}.Release|x64.ActiveCfg = Release|x64
		{0B22995B-9C3A-40EB-81E1-60514923EBAE}.Release|x64.Build.0 = Release|x64
		{0B22995B-9C3A-40EB-81E1-60514923EBAE}.Release|x86.ActiveCfg = Release|Win32
		{0B22995B-9C3A-40EB-81E1-60514923EBAE}.Release|x86.Build.0 = Release|Win32
		{0B22995B-9C3A-40EB-81E1-60514923EBAE}.ReleaseTencent|Any CPU.ActiveCfg = ReleaseTencent|Win32
		{0B22995B-9C3A-40EB-81E1-60514923EBAE}.ReleaseTencent|x64.ActiveCfg = ReleaseTencent|x64
		{0B22995B-9C3A-40EB-81E1-60514923EBAE}.ReleaseTencent|x64.Build.0 = ReleaseTencent|x64
		{0B22995B-9C3A-40EB-81E1-60514923EBAE}.ReleaseTencent|x86.ActiveCfg = ReleaseTencent|Win32
		{0B22995B-9C3A-40EB-81E1-60514923EBAE}.ReleaseTencent|x86.Build.0 = ReleaseTencent|Win32
		{E9B95246-3673-4B4E-8666-D4DD4B747068}.Debug|Any CPU.ActiveCfg = Debug|Win32
		{E9B95246-3673-4B4E-8666-D4DD4B747068}.Debug|x64.ActiveCfg = Debug|x64
		{E9B95246-3673-4B4E-8666-D4DD4B747068}.Debug|x64.Build.0 = Debug|x64
		{E9B95246-3673-4B4E-8666-D4DD4B747068}.Debug|x86.ActiveCfg = Debug|Win32
		{E9B95246-3673-4B4E-8666-D4DD4B747068}.Debug|x86.Build.0 = Debug|Win32
		{E9B95246-3673-4B4E-8666-D4DD4B747068}.Release|Any CPU.ActiveCfg = Release|Win32
		{E9B95246-3673-4B4E-8666-D4DD4B747068}.Release|x64.ActiveCfg = Release|x64
		{E9B95246-3673-4B4E-8666-D4DD4B747068}.Release|x64.Build.0 = Release|x64
		{E9B95246-3673-4B4E-8666-D4DD4B747068}.Release|x86.ActiveCfg = Release|Win32
		{E9B95246-3673-4B4E-8666-D4DD4B747068}.Release|x86.Build.0 = Release|Win32
		{E9B95246-3673-4B4E-8666-D4DD4B747068}.ReleaseTencent|Any CPU.ActiveCfg = Release|x64
		{E9B95246-3673-4B4E-8666-D4DD4B747068}.ReleaseTencent|Any CPU.Build.0 = Release|x64
		{E9B95246-3673-4B4E-8666-D4DD4B747068}.ReleaseTencent|x64.ActiveCfg = Release|x64
		{E9B95246-3673-4B4E-8666-D4DD4B747068}.ReleaseTencent|x64.Build.0 = Release|x64
		{E9B95246-3673-4B4E-8666-D4DD4B747068}.ReleaseTencent|x86.ActiveCfg = Release|Win32
		{E9B95246-3673-4B4E-8666-D4DD4B747068}.ReleaseTencent|x86.Build.0 = Release|Win32
	EndGlobalSection
	GlobalSection(SolutionProperties) = preSolution
		HideSolutionNode = FALSE
	EndGlobalSection
	GlobalSection(NestedProjects) = preSolution
		{B96D2538-F58F-404F-85EC-2121BD959E4F} = {3D45F5C2-58B7-4F6E-94C2-E65DBDF48CFE}
		{7B8D9154-5446-43CF-A141-F89BE86D8D86} = {3D45F5C2-58B7-4F6E-94C2-E65DBDF48CFE}
		{17A66CD3-6512-48F9-987D-C8E22049831E} = {3D45F5C2-58B7-4F6E-94C2-E65DBDF48CFE}
		{FF7084E4-14EE-38E2-8931-8A5DDD4C2BAC} = {C395614B-9487-41F5-A283-4D3B129B3FC3}
		{B0F6F8DB-7651-33FF-A084-5773BC05E39E} = {C395614B-9487-41F5-A283-4D3B129B3FC3}
		{2131FCF5-E3E8-4531-B143-68D189DBC3F5} = {C395614B-9487-41F5-A283-4D3B129B3FC3}
		{3957E89F-B61C-4C74-9CA6-73A733304211} = {B96D2538-F58F-404F-85EC-2121BD959E4F}
		{911A49D5-AA1E-4C03-A2CD-0036D680450F} = {7B8D9154-5446-43CF-A141-F89BE86D8D86}
		{17AE0654-B5FC-4AB1-98C7-8C114DD5F6F6} = {7B8D9154-5446-43CF-A141-F89BE86D8D86}
		{7326DB85-E7BC-4620-A49E-E93630E6D573} = {17A66CD3-6512-48F9-987D-C8E22049831E}
		{59CD1C33-1B11-4586-84EF-E1B3A95BA10B} = {17A66CD3-6512-48F9-987D-C8E22049831E}
		{0B22995B-9C3A-40EB-81E1-60514923EBAE} = {17A66CD3-6512-48F9-987D-C8E22049831E}
		{E9B95246-3673-4B4E-8666-D4DD4B747068} = {17A66CD3-6512-48F9-987D-C8E22049831E}
	EndGlobalSection
	GlobalSection(ExtensibilityGlobals) = postSolution
		SolutionGuid = {1985C3EB-BBBD-4E3B-A0F0-F88A1C85B00F}
	EndGlobalSection
EndGlobal
